
Microsoft Visual Studio Solution File, Format Version 12.00
# Visual Studio Version 16
VisualStudioVersion = 16.0.810.4
MinimumVisualStudioVersion = 10.0.40219.1
Project("{FAE04EC0-301F-11D3-BF4B-00C04F79EFBC}") = "CloudPlatrforms.Project.Functions", "CloudPlatrforms.Project.Functions\CloudPlatrforms.Project.Functions.csproj", "{B257C123-85B1-4FAC-B0CF-8BEBAFAB0CF8}"
EndProject
Project("{FAE04EC0-301F-11D3-BF4B-00C04F79EFBC}") = "CloudPlatrforms.Project.WebApi", "CloudPlatrforms.Project.WebApi\CloudPlatrforms.Project.WebApi.csproj", "{794ED5DC-E73D-421C-AE1A-A9D9DF49588C}"
EndProject
Global
	GlobalSection(SolutionConfigurationPlatforms) = preSolution
		Debug|Any CPU = Debug|Any CPU
		Release|Any CPU = Release|Any CPU
	EndGlobalSection
	GlobalSection(ProjectConfigurationPlatforms) = postSolution
		{B257C123-85B1-4FAC-B0CF-8BEBAFAB0CF8}.Debug|Any CPU.ActiveCfg = Debug|Any CPU
		{B257C123-85B1-4FAC-B0CF-8BEBAFAB0CF8}.Debug|Any CPU.Build.0 = Debug|Any CPU
		{B257C123-85B1-4FAC-B0CF-8BEBAFAB0CF8}.Release|Any CPU.ActiveCfg = Release|Any CPU
		{B257C123-85B1-4FAC-B0CF-8BEBAFAB0CF8}.Release|Any CPU.Build.0 = Release|Any CPU
		{794ED5DC-E73D-421C-AE1A-A9D9DF49588C}.Debug|Any CPU.ActiveCfg = Debug|Any CPU
		{794ED5DC-E73D-421C-AE1A-A9D9DF49588C}.Debug|Any CPU.Build.0 = Debug|Any CPU
		{794ED5DC-E73D-421C-AE1A-A9D9DF49588C}.Release|Any CPU.ActiveCfg = Release|Any CPU
		{794ED5DC-E73D-421C-AE1A-A9D9DF49588C}.Release|Any CPU.Build.0 = Release|Any CPU
	EndGlobalSection
	GlobalSection(SolutionProperties) = preSolution
		HideSolutionNode = FALSE
	EndGlobalSection
	GlobalSection(ExtensibilityGlobals) = postSolution
		SolutionGuid = {B7776D2B-90E7-4C66-B94E-F7CD8651B126}
	EndGlobalSection
EndGlobal
